{
  "lockfileVersion": 1,
  "workspaces": {
    "": {
      "dependencies": {
        "@astrojs/cloudflare": "^12.5.3",
        "astro": "^5.8.0",
        "resend": "^4.5.1",
        "zod": "^3.25.20",
      },
    },
  },
  "packages": {
    "@astrojs/cloudflare": ["@astrojs/cloudflare@12.5.3", "", { "dependencies": { "@astrojs/internal-helpers": "0.6.1", "@astrojs/underscore-redirects": "0.6.1", "@cloudflare/workers-types": "^4.20250507.0", "tinyglobby": "^0.2.13", "vite": "^6.3.5", "wrangler": "^4.14.1" }, "peerDependencies": { "astro": "^5.0.0" } }, ""],

    "@astrojs/compiler": ["@astrojs/compiler@2.11.0", "", {}, ""],

    "@astrojs/internal-helpers": ["@astrojs/internal-helpers@0.6.1", "", {}, ""],

    "@astrojs/markdown-remark": ["@astrojs/markdown-remark@6.3.2", "", { "dependencies": { "@astrojs/internal-helpers": "0.6.1", "@astrojs/prism": "3.3.0", "github-slugger": "^2.0.0", "hast-util-from-html": "^2.0.3", "hast-util-to-text": "^4.0.2", "import-meta-resolve": "^4.1.0", "js-yaml": "^4.1.0", "mdast-util-definitions": "^6.0.0", "rehype-raw": "^7.0.0", "rehype-stringify": "^10.0.1", "remark-gfm": "^4.0.1", "remark-parse": "^11.0.0", "remark-rehype": "^11.1.2", "remark-smartypants": "^3.0.2", "shiki": "^3.2.1", "smol-toml": "^1.3.1", "unified": "^11.0.5", "unist-util-remove-position": "^5.0.0", "unist-util-visit": "^5.0.0", "unist-util-visit-parents": "^6.0.1", "vfile": "^6.0.3" } }, ""],

    "@astrojs/prism": ["@astrojs/prism@3.3.0", "", { "dependencies": { "prismjs": "^1.30.0" } }, ""],

    "@astrojs/telemetry": ["@astrojs/telemetry@3.3.0", "", { "dependencies": { "ci-info": "^4.2.0", "debug": "^4.4.0", "dlv": "^1.1.3", "dset": "^3.1.4", "is-docker": "^3.0.0", "is-wsl": "^3.1.0", "which-pm-runs": "^1.1.0" } }, ""],

    "@astrojs/underscore-redirects": ["@astrojs/underscore-redirects@0.6.1", "", {}, ""],

    "@babel/helper-string-parser": ["@babel/helper-string-parser@7.25.9", "", {}, ""],

    "@babel/helper-validator-identifier": ["@babel/helper-validator-identifier@7.25.9", "", {}, ""],

    "@babel/parser": ["@babel/parser@7.27.0", "", { "dependencies": { "@babel/types": "^7.27.0" }, "bin": { "parser": "bin/babel-parser.js" } }, ""],

    "@babel/types": ["@babel/types@7.27.0", "", { "dependencies": { "@babel/helper-string-parser": "^7.25.9", "@babel/helper-validator-identifier": "^7.25.9" } }, ""],

    "@capsizecss/unpack": ["@capsizecss/unpack@2.4.0", "", { "dependencies": { "blob-to-buffer": "^1.2.8", "cross-fetch": "^3.0.4", "fontkit": "^2.0.2" } }, ""],

    "@cloudflare/kv-asset-handler": ["@cloudflare/kv-asset-handler@0.4.0", "", { "dependencies": { "mime": "^3.0.0" } }, ""],

    "@cloudflare/unenv-preset": ["@cloudflare/unenv-preset@2.3.2", "", { "peerDependencies": { "unenv": "2.0.0-rc.17", "workerd": "^1.20250508.0" } }, ""],

    "@cloudflare/workerd-darwin-arm64": ["@cloudflare/workerd-darwin-arm64@1.20250508.0", "", { "os": "darwin", "cpu": "arm64" }, ""],

    "@cloudflare/workers-types": ["@cloudflare/workers-types@4.20250520.0", "", {}, ""],

    "@cspotcode/source-map-support": ["@cspotcode/source-map-support@0.8.1", "", { "dependencies": { "@jridgewell/trace-mapping": "0.3.9" } }, ""],

    "@esbuild/darwin-arm64": ["@esbuild/darwin-arm64@0.25.4", "", { "os": "darwin", "cpu": "arm64" }, ""],

    "@fastify/busboy": ["@fastify/busboy@2.1.1", "", {}, ""],

    "@img/sharp-darwin-arm64": ["@img/sharp-darwin-arm64@0.33.5", "", { "optionalDependencies": { "@img/sharp-libvips-darwin-arm64": "1.0.4" }, "os": "darwin", "cpu": "arm64" }, ""],

    "@img/sharp-libvips-darwin-arm64": ["@img/sharp-libvips-darwin-arm64@1.0.4", "", { "os": "darwin", "cpu": "arm64" }, ""],

    "@jridgewell/resolve-uri": ["@jridgewell/resolve-uri@3.1.2", "", {}, ""],

    "@jridgewell/sourcemap-codec": ["@jridgewell/sourcemap-codec@1.5.0", "", {}, ""],

    "@jridgewell/trace-mapping": ["@jridgewell/trace-mapping@0.3.9", "", { "dependencies": { "@jridgewell/resolve-uri": "^3.0.3", "@jridgewell/sourcemap-codec": "^1.4.10" } }, ""],

    "@oslojs/encoding": ["@oslojs/encoding@1.1.0", "", {}, ""],

    "@react-email/render": ["@react-email/render@1.0.6", "", { "dependencies": { "html-to-text": "9.0.5", "prettier": "3.5.3", "react-promise-suspense": "0.3.4" }, "peerDependencies": { "react": "^18.0 || ^19.0 || ^19.0.0-rc", "react-dom": "^18.0 || ^19.0 || ^19.0.0-rc" } }, ""],

    "@rollup/pluginutils": ["@rollup/pluginutils@5.1.4", "", { "dependencies": { "@types/estree": "^1.0.0", "estree-walker": "^2.0.2", "picomatch": "^4.0.2" }, "peerDependencies": { "rollup": "^1.20.0||^2.0.0||^3.0.0||^4.0.0" } }, ""],

    "@rollup/rollup-darwin-arm64": ["@rollup/rollup-darwin-arm64@4.40.1", "", { "os": "darwin", "cpu": "arm64" }, ""],

    "@selderee/plugin-htmlparser2": ["@selderee/plugin-htmlparser2@0.11.0", "", { "dependencies": { "domhandler": "^5.0.3", "selderee": "^0.11.0" } }, ""],

    "@shikijs/core": ["@shikijs/core@3.3.0", "", { "dependencies": { "@shikijs/types": "3.3.0", "@shikijs/vscode-textmate": "^10.0.2", "@types/hast": "^3.0.4", "hast-util-to-html": "^9.0.5" } }, ""],

    "@shikijs/engine-javascript": ["@shikijs/engine-javascript@3.3.0", "", { "dependencies": { "@shikijs/types": "3.3.0", "@shikijs/vscode-textmate": "^10.0.2", "oniguruma-to-es": "^4.2.0" } }, ""],

    "@shikijs/engine-oniguruma": ["@shikijs/engine-oniguruma@3.3.0", "", { "dependencies": { "@shikijs/types": "3.3.0", "@shikijs/vscode-textmate": "^10.0.2" } }, ""],

    "@shikijs/langs": ["@shikijs/langs@3.3.0", "", { "dependencies": { "@shikijs/types": "3.3.0" } }, ""],

    "@shikijs/themes": ["@shikijs/themes@3.3.0", "", { "dependencies": { "@shikijs/types": "3.3.0" } }, ""],

    "@shikijs/types": ["@shikijs/types@3.3.0", "", { "dependencies": { "@shikijs/vscode-textmate": "^10.0.2", "@types/hast": "^3.0.4" } }, ""],

    "@shikijs/vscode-textmate": ["@shikijs/vscode-textmate@10.0.2", "", {}, ""],

    "@swc/helpers": ["@swc/helpers@0.5.17", "", { "dependencies": { "tslib": "^2.8.0" } }, ""],

    "@types/debug": ["@types/debug@4.1.12", "", { "dependencies": { "@types/ms": "*" } }, ""],

    "@types/estree": ["@types/estree@1.0.7", "", {}, ""],

    "@types/fontkit": ["@types/fontkit@2.0.8", "", { "dependencies": { "@types/node": "*" } }, ""],

    "@types/hast": ["@types/hast@3.0.4", "", { "dependencies": { "@types/unist": "*" } }, ""],

    "@types/mdast": ["@types/mdast@4.0.4", "", { "dependencies": { "@types/unist": "*" } }, ""],

    "@types/ms": ["@types/ms@2.1.0", "", {}, ""],

    "@types/nlcst": ["@types/nlcst@2.0.3", "", { "dependencies": { "@types/unist": "*" } }, ""],

    "@types/node": ["@types/node@22.15.21", "", { "dependencies": { "undici-types": "~6.21.0" } }, ""],

    "@types/unist": ["@types/unist@3.0.3", "", {}, ""],

    "@ungap/structured-clone": ["@ungap/structured-clone@1.3.0", "", {}, ""],

    "acorn": ["acorn@8.14.1", "", { "bin": "bin/acorn" }, ""],

    "acorn-walk": ["acorn-walk@8.3.2", "", {}, ""],

    "ansi-align": ["ansi-align@3.0.1", "", { "dependencies": { "string-width": "^4.1.0" } }, ""],

    "ansi-regex": ["ansi-regex@6.1.0", "", {}, ""],

    "ansi-styles": ["ansi-styles@6.2.1", "", {}, ""],

    "anymatch": ["anymatch@3.1.3", "", { "dependencies": { "normalize-path": "^3.0.0", "picomatch": "^2.0.4" } }, ""],

    "argparse": ["argparse@2.0.1", "", {}, ""],

    "aria-query": ["aria-query@5.3.2", "", {}, ""],

    "array-iterate": ["array-iterate@2.0.1", "", {}, ""],

    "as-table": ["as-table@1.0.55", "", { "dependencies": { "printable-characters": "^1.0.42" } }, ""],

    "astro": ["astro@5.8.0", "", { "dependencies": { "@astrojs/compiler": "^2.11.0", "@astrojs/internal-helpers": "0.6.1", "@astrojs/markdown-remark": "6.3.2", "@astrojs/telemetry": "3.3.0", "@capsizecss/unpack": "^2.4.0", "@oslojs/encoding": "^1.1.0", "@rollup/pluginutils": "^5.1.4", "acorn": "^8.14.1", "aria-query": "^5.3.2", "axobject-query": "^4.1.0", "boxen": "8.0.1", "ci-info": "^4.2.0", "clsx": "^2.1.1", "common-ancestor-path": "^1.0.1", "cookie": "^1.0.2", "cssesc": "^3.0.0", "debug": "^4.4.0", "deterministic-object-hash": "^2.0.2", "devalue": "^5.1.1", "diff": "^5.2.0", "dlv": "^1.1.3", "dset": "^3.1.4", "es-module-lexer": "^1.6.0", "esbuild": "^0.25.0", "estree-walker": "^3.0.3", "flattie": "^1.1.1", "fontace": "~0.3.0", "github-slugger": "^2.0.0", "html-escaper": "3.0.3", "http-cache-semantics": "^4.1.1", "import-meta-resolve": "^4.1.0", "js-yaml": "^4.1.0", "kleur": "^4.1.5", "magic-string": "^0.30.17", "magicast": "^0.3.5", "mrmime": "^2.0.1", "neotraverse": "^0.6.18", "p-limit": "^6.2.0", "p-queue": "^8.1.0", "package-manager-detector": "^1.1.0", "picomatch": "^4.0.2", "prompts": "^2.4.2", "rehype": "^13.0.2", "semver": "^7.7.1", "shiki": "^3.2.1", "tinyexec": "^0.3.2", "tinyglobby": "^0.2.12", "tsconfck": "^3.1.5", "ultrahtml": "^1.6.0", "unifont": "~0.5.0", "unist-util-visit": "^5.0.0", "unstorage": "^1.15.0", "vfile": "^6.0.3", "vite": "^6.3.4", "vitefu": "^1.0.6", "xxhash-wasm": "^1.1.0", "yargs-parser": "^21.1.1", "yocto-spinner": "^0.2.1", "zod": "^3.24.2", "zod-to-json-schema": "^3.24.5", "zod-to-ts": "^1.2.0" }, "optionalDependencies": { "sharp": "^0.33.3" }, "bin": "astro.js" }, "sha512-G57ELkdIntDiSrucA5lQaRtBOjquaZ9b9NIwoz2f471ZuuJcynLjWgItgBzlrz5UMY4WqnFbVWUCKlJb7nt9bA=="],

    "axobject-query": ["axobject-query@4.1.0", "", {}, ""],

    "bail": ["bail@2.0.2", "", {}, ""],

    "base-64": ["base-64@1.0.0", "", {}, ""],

    "base64-js": ["base64-js@1.5.1", "", {}, ""],

    "blake3-wasm": ["blake3-wasm@2.1.5", "", {}, ""],

    "blob-to-buffer": ["blob-to-buffer@1.2.9", "", {}, ""],

    "boxen": ["boxen@8.0.1", "", { "dependencies": { "ansi-align": "^3.0.1", "camelcase": "^8.0.0", "chalk": "^5.3.0", "cli-boxes": "^3.0.0", "string-width": "^7.2.0", "type-fest": "^4.21.0", "widest-line": "^5.0.0", "wrap-ansi": "^9.0.0" } }, ""],

    "brotli": ["brotli@1.3.3", "", { "dependencies": { "base64-js": "^1.1.2" } }, ""],

    "camelcase": ["camelcase@8.0.0", "", {}, ""],

    "ccount": ["ccount@2.0.1", "", {}, ""],

    "chalk": ["chalk@5.4.1", "", {}, ""],

    "character-entities": ["character-entities@2.0.2", "", {}, ""],

    "character-entities-html4": ["character-entities-html4@2.1.0", "", {}, ""],

    "character-entities-legacy": ["character-entities-legacy@3.0.0", "", {}, ""],

    "chokidar": ["chokidar@4.0.3", "", { "dependencies": { "readdirp": "^4.0.1" } }, ""],

    "ci-info": ["ci-info@4.2.0", "", {}, ""],

    "cli-boxes": ["cli-boxes@3.0.0", "", {}, ""],

    "clone": ["clone@2.1.2", "", {}, ""],

    "clsx": ["clsx@2.1.1", "", {}, ""],

    "color": ["color@4.2.3", "", { "dependencies": { "color-convert": "^2.0.1", "color-string": "^1.9.0" } }, ""],

    "color-convert": ["color-convert@2.0.1", "", { "dependencies": { "color-name": "~1.1.4" } }, ""],

    "color-name": ["color-name@1.1.4", "", {}, ""],

    "color-string": ["color-string@1.9.1", "", { "dependencies": { "color-name": "^1.0.0", "simple-swizzle": "^0.2.2" } }, ""],

    "comma-separated-tokens": ["comma-separated-tokens@2.0.3", "", {}, ""],

    "common-ancestor-path": ["common-ancestor-path@1.0.1", "", {}, ""],

    "cookie": ["cookie@1.0.2", "", {}, ""],

    "cookie-es": ["cookie-es@1.2.2", "", {}, ""],

    "cross-fetch": ["cross-fetch@3.2.0", "", { "dependencies": { "node-fetch": "^2.7.0" } }, ""],

    "crossws": ["crossws@0.3.4", "", { "dependencies": { "uncrypto": "^0.1.3" } }, ""],

    "css-tree": ["css-tree@3.1.0", "", { "dependencies": { "mdn-data": "2.12.2", "source-map-js": "^1.0.1" } }, ""],

    "cssesc": ["cssesc@3.0.0", "", { "bin": "bin/cssesc" }, ""],

    "data-uri-to-buffer": ["data-uri-to-buffer@2.0.2", "", {}, ""],

    "debug": ["debug@4.4.0", "", { "dependencies": { "ms": "^2.1.3" } }, ""],

    "decode-named-character-reference": ["decode-named-character-reference@1.1.0", "", { "dependencies": { "character-entities": "^2.0.0" } }, ""],

    "deepmerge": ["deepmerge@4.3.1", "", {}, ""],

    "defu": ["defu@6.1.4", "", {}, ""],

    "dequal": ["dequal@2.0.3", "", {}, ""],

    "destr": ["destr@2.0.5", "", {}, ""],

    "detect-libc": ["detect-libc@2.0.4", "", {}, ""],

    "deterministic-object-hash": ["deterministic-object-hash@2.0.2", "", { "dependencies": { "base-64": "^1.0.0" } }, ""],

    "devalue": ["devalue@5.1.1", "", {}, ""],

    "devlop": ["devlop@1.1.0", "", { "dependencies": { "dequal": "^2.0.0" } }, ""],

    "dfa": ["dfa@1.2.0", "", {}, ""],

    "diff": ["diff@5.2.0", "", {}, ""],

    "dlv": ["dlv@1.1.3", "", {}, ""],

    "dom-serializer": ["dom-serializer@2.0.0", "", { "dependencies": { "domelementtype": "^2.3.0", "domhandler": "^5.0.2", "entities": "^4.2.0" } }, ""],

    "domelementtype": ["domelementtype@2.3.0", "", {}, ""],

    "domhandler": ["domhandler@5.0.3", "", { "dependencies": { "domelementtype": "^2.3.0" } }, ""],

    "domutils": ["domutils@3.2.2", "", { "dependencies": { "dom-serializer": "^2.0.0", "domelementtype": "^2.3.0", "domhandler": "^5.0.3" } }, ""],

    "dset": ["dset@3.1.4", "", {}, ""],

    "emoji-regex": ["emoji-regex@10.4.0", "", {}, ""],

    "entities": ["entities@6.0.0", "", {}, ""],

    "es-module-lexer": ["es-module-lexer@1.7.0", "", {}, ""],

    "esbuild": ["esbuild@0.25.4", "", { "optionalDependencies": { "@esbuild/darwin-arm64": "0.25.4" }, "bin": "bin/esbuild" }, ""],

    "escape-string-regexp": ["escape-string-regexp@5.0.0", "", {}, ""],

    "estree-walker": ["estree-walker@3.0.3", "", { "dependencies": { "@types/estree": "^1.0.0" } }, ""],

    "eventemitter3": ["eventemitter3@5.0.1", "", {}, ""],

    "exit-hook": ["exit-hook@2.2.1", "", {}, ""],

    "exsolve": ["exsolve@1.0.5", "", {}, ""],

    "extend": ["extend@3.0.2", "", {}, ""],

    "fast-deep-equal": ["fast-deep-equal@3.1.3", "", {}, ""],

    "fdir": ["fdir@6.4.4", "", { "peerDependencies": { "picomatch": "^3 || ^4" } }, ""],

    "flattie": ["flattie@1.1.1", "", {}, ""],

    "fontace": ["fontace@0.3.0", "", { "dependencies": { "@types/fontkit": "^2.0.8", "fontkit": "^2.0.4" } }, ""],

    "fontkit": ["fontkit@2.0.4", "", { "dependencies": { "@swc/helpers": "^0.5.12", "brotli": "^1.3.2", "clone": "^2.1.2", "dfa": "^1.2.0", "fast-deep-equal": "^3.1.3", "restructure": "^3.0.0", "tiny-inflate": "^1.0.3", "unicode-properties": "^1.4.0", "unicode-trie": "^2.0.0" } }, ""],

    "fsevents": ["fsevents@2.3.3", "", { "os": "darwin" }, ""],

    "get-east-asian-width": ["get-east-asian-width@1.3.0", "", {}, ""],

    "get-source": ["get-source@2.0.12", "", { "dependencies": { "data-uri-to-buffer": "^2.0.0", "source-map": "^0.6.1" } }, ""],

    "github-slugger": ["github-slugger@2.0.0", "", {}, ""],

    "glob-to-regexp": ["glob-to-regexp@0.4.1", "", {}, ""],

    "h3": ["h3@1.15.3", "", { "dependencies": { "cookie-es": "^1.2.2", "crossws": "^0.3.4", "defu": "^6.1.4", "destr": "^2.0.5", "iron-webcrypto": "^1.2.1", "node-mock-http": "^1.0.0", "radix3": "^1.1.2", "ufo": "^1.6.1", "uncrypto": "^0.1.3" } }, ""],

    "hast-util-from-html": ["hast-util-from-html@2.0.3", "", { "dependencies": { "@types/hast": "^3.0.0", "devlop": "^1.1.0", "hast-util-from-parse5": "^8.0.0", "parse5": "^7.0.0", "vfile": "^6.0.0", "vfile-message": "^4.0.0" } }, ""],

    "hast-util-from-parse5": ["hast-util-from-parse5@8.0.3", "", { "dependencies": { "@types/hast": "^3.0.0", "@types/unist": "^3.0.0", "devlop": "^1.0.0", "hastscript": "^9.0.0", "property-information": "^7.0.0", "vfile": "^6.0.0", "vfile-location": "^5.0.0", "web-namespaces": "^2.0.0" } }, ""],

    "hast-util-is-element": ["hast-util-is-element@3.0.0", "", { "dependencies": { "@types/hast": "^3.0.0" } }, ""],

    "hast-util-parse-selector": ["hast-util-parse-selector@4.0.0", "", { "dependencies": { "@types/hast": "^3.0.0" } }, ""],

    "hast-util-raw": ["hast-util-raw@9.1.0", "", { "dependencies": { "@types/hast": "^3.0.0", "@types/unist": "^3.0.0", "@ungap/structured-clone": "^1.0.0", "hast-util-from-parse5": "^8.0.0", "hast-util-to-parse5": "^8.0.0", "html-void-elements": "^3.0.0", "mdast-util-to-hast": "^13.0.0", "parse5": "^7.0.0", "unist-util-position": "^5.0.0", "unist-util-visit": "^5.0.0", "vfile": "^6.0.0", "web-namespaces": "^2.0.0", "zwitch": "^2.0.0" } }, ""],

    "hast-util-to-html": ["hast-util-to-html@9.0.5", "", { "dependencies": { "@types/hast": "^3.0.0", "@types/unist": "^3.0.0", "ccount": "^2.0.0", "comma-separated-tokens": "^2.0.0", "hast-util-whitespace": "^3.0.0", "html-void-elements": "^3.0.0", "mdast-util-to-hast": "^13.0.0", "property-information": "^7.0.0", "space-separated-tokens": "^2.0.0", "stringify-entities": "^4.0.0", "zwitch": "^2.0.4" } }, ""],

    "hast-util-to-parse5": ["hast-util-to-parse5@8.0.0", "", { "dependencies": { "@types/hast": "^3.0.0", "comma-separated-tokens": "^2.0.0", "devlop": "^1.0.0", "property-information": "^6.0.0", "space-separated-tokens": "^2.0.0", "web-namespaces": "^2.0.0", "zwitch": "^2.0.0" } }, ""],

    "hast-util-to-text": ["hast-util-to-text@4.0.2", "", { "dependencies": { "@types/hast": "^3.0.0", "@types/unist": "^3.0.0", "hast-util-is-element": "^3.0.0", "unist-util-find-after": "^5.0.0" } }, ""],

    "hast-util-whitespace": ["hast-util-whitespace@3.0.0", "", { "dependencies": { "@types/hast": "^3.0.0" } }, ""],

    "hastscript": ["hastscript@9.0.1", "", { "dependencies": { "@types/hast": "^3.0.0", "comma-separated-tokens": "^2.0.0", "hast-util-parse-selector": "^4.0.0", "property-information": "^7.0.0", "space-separated-tokens": "^2.0.0" } }, ""],

    "html-escaper": ["html-escaper@3.0.3", "", {}, ""],

    "html-to-text": ["html-to-text@9.0.5", "", { "dependencies": { "@selderee/plugin-htmlparser2": "^0.11.0", "deepmerge": "^4.3.1", "dom-serializer": "^2.0.0", "htmlparser2": "^8.0.2", "selderee": "^0.11.0" } }, ""],

    "html-void-elements": ["html-void-elements@3.0.0", "", {}, ""],

    "htmlparser2": ["htmlparser2@8.0.2", "", { "dependencies": { "domelementtype": "^2.3.0", "domhandler": "^5.0.3", "domutils": "^3.0.1", "entities": "^4.4.0" } }, ""],

    "http-cache-semantics": ["http-cache-semantics@4.1.1", "", {}, ""],

    "import-meta-resolve": ["import-meta-resolve@4.1.0", "", {}, ""],

    "iron-webcrypto": ["iron-webcrypto@1.2.1", "", {}, ""],

    "is-arrayish": ["is-arrayish@0.3.2", "", {}, ""],

    "is-docker": ["is-docker@3.0.0", "", { "bin": "cli.js" }, ""],

    "is-fullwidth-code-point": ["is-fullwidth-code-point@3.0.0", "", {}, ""],

    "is-inside-container": ["is-inside-container@1.0.0", "", { "dependencies": { "is-docker": "^3.0.0" }, "bin": "cli.js" }, ""],

    "is-plain-obj": ["is-plain-obj@4.1.0", "", {}, ""],

    "is-wsl": ["is-wsl@3.1.0", "", { "dependencies": { "is-inside-container": "^1.0.0" } }, ""],

    "js-yaml": ["js-yaml@4.1.0", "", { "dependencies": { "argparse": "^2.0.1" }, "bin": "bin/js-yaml.js" }, ""],

    "kleur": ["kleur@4.1.5", "", {}, ""],

    "leac": ["leac@0.6.0", "", {}, ""],

    "longest-streak": ["longest-streak@3.1.0", "", {}, ""],

    "lru-cache": ["lru-cache@10.4.3", "", {}, ""],

    "magic-string": ["magic-string@0.30.17", "", { "dependencies": { "@jridgewell/sourcemap-codec": "^1.5.0" } }, ""],

    "magicast": ["magicast@0.3.5", "", { "dependencies": { "@babel/parser": "^7.25.4", "@babel/types": "^7.25.4", "source-map-js": "^1.2.0" } }, ""],

    "markdown-table": ["markdown-table@3.0.4", "", {}, ""],

    "mdast-util-definitions": ["mdast-util-definitions@6.0.0", "", { "dependencies": { "@types/mdast": "^4.0.0", "@types/unist": "^3.0.0", "unist-util-visit": "^5.0.0" } }, ""],

    "mdast-util-find-and-replace": ["mdast-util-find-and-replace@3.0.2", "", { "dependencies": { "@types/mdast": "^4.0.0", "escape-string-regexp": "^5.0.0", "unist-util-is": "^6.0.0", "unist-util-visit-parents": "^6.0.0" } }, ""],

    "mdast-util-from-markdown": ["mdast-util-from-markdown@2.0.2", "", { "dependencies": { "@types/mdast": "^4.0.0", "@types/unist": "^3.0.0", "decode-named-character-reference": "^1.0.0", "devlop": "^1.0.0", "mdast-util-to-string": "^4.0.0", "micromark": "^4.0.0", "micromark-util-decode-numeric-character-reference": "^2.0.0", "micromark-util-decode-string": "^2.0.0", "micromark-util-normalize-identifier": "^2.0.0", "micromark-util-symbol": "^2.0.0", "micromark-util-types": "^2.0.0", "unist-util-stringify-position": "^4.0.0" } }, ""],

    "mdast-util-gfm": ["mdast-util-gfm@3.1.0", "", { "dependencies": { "mdast-util-from-markdown": "^2.0.0", "mdast-util-gfm-autolink-literal": "^2.0.0", "mdast-util-gfm-footnote": "^2.0.0", "mdast-util-gfm-strikethrough": "^2.0.0", "mdast-util-gfm-table": "^2.0.0", "mdast-util-gfm-task-list-item": "^2.0.0", "mdast-util-to-markdown": "^2.0.0" } }, ""],

    "mdast-util-gfm-autolink-literal": ["mdast-util-gfm-autolink-literal@2.0.1", "", { "dependencies": { "@types/mdast": "^4.0.0", "ccount": "^2.0.0", "devlop": "^1.0.0", "mdast-util-find-and-replace": "^3.0.0", "micromark-util-character": "^2.0.0" } }, ""],

    "mdast-util-gfm-footnote": ["mdast-util-gfm-footnote@2.1.0", "", { "dependencies": { "@types/mdast": "^4.0.0", "devlop": "^1.1.0", "mdast-util-from-markdown": "^2.0.0", "mdast-util-to-markdown": "^2.0.0", "micromark-util-normalize-identifier": "^2.0.0" } }, ""],

    "mdast-util-gfm-strikethrough": ["mdast-util-gfm-strikethrough@2.0.0", "", { "dependencies": { "@types/mdast": "^4.0.0", "mdast-util-from-markdown": "^2.0.0", "mdast-util-to-markdown": "^2.0.0" } }, ""],

    "mdast-util-gfm-table": ["mdast-util-gfm-table@2.0.0", "", { "dependencies": { "@types/mdast": "^4.0.0", "devlop": "^1.0.0", "markdown-table": "^3.0.0", "mdast-util-from-markdown": "^2.0.0", "mdast-util-to-markdown": "^2.0.0" } }, ""],

    "mdast-util-gfm-task-list-item": ["mdast-util-gfm-task-list-item@2.0.0", "", { "dependencies": { "@types/mdast": "^4.0.0", "devlop": "^1.0.0", "mdast-util-from-markdown": "^2.0.0", "mdast-util-to-markdown": "^2.0.0" } }, ""],

    "mdast-util-phrasing": ["mdast-util-phrasing@4.1.0", "", { "dependencies": { "@types/mdast": "^4.0.0", "unist-util-is": "^6.0.0" } }, ""],

    "mdast-util-to-hast": ["mdast-util-to-hast@13.2.0", "", { "dependencies": { "@types/hast": "^3.0.0", "@types/mdast": "^4.0.0", "@ungap/structured-clone": "^1.0.0", "devlop": "^1.0.0", "micromark-util-sanitize-uri": "^2.0.0", "trim-lines": "^3.0.0", "unist-util-position": "^5.0.0", "unist-util-visit": "^5.0.0", "vfile": "^6.0.0" } }, ""],

    "mdast-util-to-markdown": ["mdast-util-to-markdown@2.1.2", "", { "dependencies": { "@types/mdast": "^4.0.0", "@types/unist": "^3.0.0", "longest-streak": "^3.0.0", "mdast-util-phrasing": "^4.0.0", "mdast-util-to-string": "^4.0.0", "micromark-util-classify-character": "^2.0.0", "micromark-util-decode-string": "^2.0.0", "unist-util-visit": "^5.0.0", "zwitch": "^2.0.0" } }, ""],

    "mdast-util-to-string": ["mdast-util-to-string@4.0.0", "", { "dependencies": { "@types/mdast": "^4.0.0" } }, ""],

    "mdn-data": ["mdn-data@2.12.2", "", {}, ""],

    "micromark": ["micromark@4.0.2", "", { "dependencies": { "@types/debug": "^4.0.0", "debug": "^4.0.0", "decode-named-character-reference": "^1.0.0", "devlop": "^1.0.0", "micromark-core-commonmark": "^2.0.0", "micromark-factory-space": "^2.0.0", "micromark-util-character": "^2.0.0", "micromark-util-chunked": "^2.0.0", "micromark-util-combine-extensions": "^2.0.0", "micromark-util-decode-numeric-character-reference": "^2.0.0", "micromark-util-encode": "^2.0.0", "micromark-util-normalize-identifier": "^2.0.0", "micromark-util-resolve-all": "^2.0.0", "micromark-util-sanitize-uri": "^2.0.0", "micromark-util-subtokenize": "^2.0.0", "micromark-util-symbol": "^2.0.0", "micromark-util-types": "^2.0.0" } }, ""],

    "micromark-core-commonmark": ["micromark-core-commonmark@2.0.3", "", { "dependencies": { "decode-named-character-reference": "^1.0.0", "devlop": "^1.0.0", "micromark-factory-destination": "^2.0.0", "micromark-factory-label": "^2.0.0", "micromark-factory-space": "^2.0.0", "micromark-factory-title": "^2.0.0", "micromark-factory-whitespace": "^2.0.0", "micromark-util-character": "^2.0.0", "micromark-util-chunked": "^2.0.0", "micromark-util-classify-character": "^2.0.0", "micromark-util-html-tag-name": "^2.0.0", "micromark-util-normalize-identifier": "^2.0.0", "micromark-util-resolve-all": "^2.0.0", "micromark-util-subtokenize": "^2.0.0", "micromark-util-symbol": "^2.0.0", "micromark-util-types": "^2.0.0" } }, ""],

    "micromark-extension-gfm": ["micromark-extension-gfm@3.0.0", "", { "dependencies": { "micromark-extension-gfm-autolink-literal": "^2.0.0", "micromark-extension-gfm-footnote": "^2.0.0", "micromark-extension-gfm-strikethrough": "^2.0.0", "micromark-extension-gfm-table": "^2.0.0", "micromark-extension-gfm-tagfilter": "^2.0.0", "micromark-extension-gfm-task-list-item": "^2.0.0", "micromark-util-combine-extensions": "^2.0.0", "micromark-util-types": "^2.0.0" } }, ""],

    "micromark-extension-gfm-autolink-literal": ["micromark-extension-gfm-autolink-literal@2.1.0", "", { "dependencies": { "micromark-util-character": "^2.0.0", "micromark-util-sanitize-uri": "^2.0.0", "micromark-util-symbol": "^2.0.0", "micromark-util-types": "^2.0.0" } }, ""],

    "micromark-extension-gfm-footnote": ["micromark-extension-gfm-footnote@2.1.0", "", { "dependencies": { "devlop": "^1.0.0", "micromark-core-commonmark": "^2.0.0", "micromark-factory-space": "^2.0.0", "micromark-util-character": "^2.0.0", "micromark-util-normalize-identifier": "^2.0.0", "micromark-util-sanitize-uri": "^2.0.0", "micromark-util-symbol": "^2.0.0", "micromark-util-types": "^2.0.0" } }, ""],

    "micromark-extension-gfm-strikethrough": ["micromark-extension-gfm-strikethrough@2.1.0", "", { "dependencies": { "devlop": "^1.0.0", "micromark-util-chunked": "^2.0.0", "micromark-util-classify-character": "^2.0.0", "micromark-util-resolve-all": "^2.0.0", "micromark-util-symbol": "^2.0.0", "micromark-util-types": "^2.0.0" } }, ""],

    "micromark-extension-gfm-table": ["micromark-extension-gfm-table@2.1.1", "", { "dependencies": { "devlop": "^1.0.0", "micromark-factory-space": "^2.0.0", "micromark-util-character": "^2.0.0", "micromark-util-symbol": "^2.0.0", "micromark-util-types": "^2.0.0" } }, ""],

    "micromark-extension-gfm-tagfilter": ["micromark-extension-gfm-tagfilter@2.0.0", "", { "dependencies": { "micromark-util-types": "^2.0.0" } }, ""],

    "micromark-extension-gfm-task-list-item": ["micromark-extension-gfm-task-list-item@2.1.0", "", { "dependencies": { "devlop": "^1.0.0", "micromark-factory-space": "^2.0.0", "micromark-util-character": "^2.0.0", "micromark-util-symbol": "^2.0.0", "micromark-util-types": "^2.0.0" } }, ""],

    "micromark-factory-destination": ["micromark-factory-destination@2.0.1", "", { "dependencies": { "micromark-util-character": "^2.0.0", "micromark-util-symbol": "^2.0.0", "micromark-util-types": "^2.0.0" } }, ""],

    "micromark-factory-label": ["micromark-factory-label@2.0.1", "", { "dependencies": { "devlop": "^1.0.0", "micromark-util-character": "^2.0.0", "micromark-util-symbol": "^2.0.0", "micromark-util-types": "^2.0.0" } }, ""],

    "micromark-factory-space": ["micromark-factory-space@2.0.1", "", { "dependencies": { "micromark-util-character": "^2.0.0", "micromark-util-types": "^2.0.0" } }, ""],

    "micromark-factory-title": ["micromark-factory-title@2.0.1", "", { "dependencies": { "micromark-factory-space": "^2.0.0", "micromark-util-character": "^2.0.0", "micromark-util-symbol": "^2.0.0", "micromark-util-types": "^2.0.0" } }, ""],

    "micromark-factory-whitespace": ["micromark-factory-whitespace@2.0.1", "", { "dependencies": { "micromark-factory-space": "^2.0.0", "micromark-util-character": "^2.0.0", "micromark-util-symbol": "^2.0.0", "micromark-util-types": "^2.0.0" } }, ""],

    "micromark-util-character": ["micromark-util-character@2.1.1", "", { "dependencies": { "micromark-util-symbol": "^2.0.0", "micromark-util-types": "^2.0.0" } }, ""],

    "micromark-util-chunked": ["micromark-util-chunked@2.0.1", "", { "dependencies": { "micromark-util-symbol": "^2.0.0" } }, ""],

    "micromark-util-classify-character": ["micromark-util-classify-character@2.0.1", "", { "dependencies": { "micromark-util-character": "^2.0.0", "micromark-util-symbol": "^2.0.0", "micromark-util-types": "^2.0.0" } }, ""],

    "micromark-util-combine-extensions": ["micromark-util-combine-extensions@2.0.1", "", { "dependencies": { "micromark-util-chunked": "^2.0.0", "micromark-util-types": "^2.0.0" } }, ""],

    "micromark-util-decode-numeric-character-reference": ["micromark-util-decode-numeric-character-reference@2.0.2", "", { "dependencies": { "micromark-util-symbol": "^2.0.0" } }, ""],

    "micromark-util-decode-string": ["micromark-util-decode-string@2.0.1", "", { "dependencies": { "decode-named-character-reference": "^1.0.0", "micromark-util-character": "^2.0.0", "micromark-util-decode-numeric-character-reference": "^2.0.0", "micromark-util-symbol": "^2.0.0" } }, ""],

    "micromark-util-encode": ["micromark-util-encode@2.0.1", "", {}, ""],

    "micromark-util-html-tag-name": ["micromark-util-html-tag-name@2.0.1", "", {}, ""],

    "micromark-util-normalize-identifier": ["micromark-util-normalize-identifier@2.0.1", "", { "dependencies": { "micromark-util-symbol": "^2.0.0" } }, ""],

    "micromark-util-resolve-all": ["micromark-util-resolve-all@2.0.1", "", { "dependencies": { "micromark-util-types": "^2.0.0" } }, ""],

    "micromark-util-sanitize-uri": ["micromark-util-sanitize-uri@2.0.1", "", { "dependencies": { "micromark-util-character": "^2.0.0", "micromark-util-encode": "^2.0.0", "micromark-util-symbol": "^2.0.0" } }, ""],

    "micromark-util-subtokenize": ["micromark-util-subtokenize@2.1.0", "", { "dependencies": { "devlop": "^1.0.0", "micromark-util-chunked": "^2.0.0", "micromark-util-symbol": "^2.0.0", "micromark-util-types": "^2.0.0" } }, ""],

    "micromark-util-symbol": ["micromark-util-symbol@2.0.1", "", {}, ""],

    "micromark-util-types": ["micromark-util-types@2.0.2", "", {}, ""],

    "mime": ["mime@3.0.0", "", { "bin": "cli.js" }, ""],

    "miniflare": ["miniflare@4.20250508.3", "", { "dependencies": { "@cspotcode/source-map-support": "0.8.1", "acorn": "8.14.0", "acorn-walk": "8.3.2", "exit-hook": "2.2.1", "glob-to-regexp": "0.4.1", "sharp": "^0.33.5", "stoppable": "1.1.0", "undici": "^5.28.5", "workerd": "1.20250508.0", "ws": "8.18.0", "youch": "3.3.4", "zod": "3.22.3" }, "bin": "bootstrap.js" }, ""],

    "mrmime": ["mrmime@2.0.1", "", {}, ""],

    "ms": ["ms@2.1.3", "", {}, ""],

    "mustache": ["mustache@4.2.0", "", { "bin": "bin/mustache" }, ""],

    "nanoid": ["nanoid@3.3.11", "", { "bin": "bin/nanoid.cjs" }, ""],

    "neotraverse": ["neotraverse@0.6.18", "", {}, ""],

    "nlcst-to-string": ["nlcst-to-string@4.0.0", "", { "dependencies": { "@types/nlcst": "^2.0.0" } }, ""],

    "node-fetch": ["node-fetch@2.7.0", "", { "dependencies": { "whatwg-url": "^5.0.0" }, "peerDependencies": { "encoding": "^0.1.0" }, "optionalPeers": ["encoding"] }, ""],

    "node-fetch-native": ["node-fetch-native@1.6.6", "", {}, ""],

    "node-mock-http": ["node-mock-http@1.0.0", "", {}, ""],

    "normalize-path": ["normalize-path@3.0.0", "", {}, ""],

    "ofetch": ["ofetch@1.4.1", "", { "dependencies": { "destr": "^2.0.3", "node-fetch-native": "^1.6.4", "ufo": "^1.5.4" } }, ""],

    "ohash": ["ohash@2.0.11", "", {}, ""],

    "oniguruma-parser": ["oniguruma-parser@0.12.0", "", {}, ""],

    "oniguruma-to-es": ["oniguruma-to-es@4.3.1", "", { "dependencies": { "oniguruma-parser": "^0.12.0", "regex": "^6.0.1", "regex-recursion": "^6.0.2" } }, ""],

    "p-limit": ["p-limit@6.2.0", "", { "dependencies": { "yocto-queue": "^1.1.1" } }, ""],

    "p-queue": ["p-queue@8.1.0", "", { "dependencies": { "eventemitter3": "^5.0.1", "p-timeout": "^6.1.2" } }, ""],

    "p-timeout": ["p-timeout@6.1.4", "", {}, ""],

    "package-manager-detector": ["package-manager-detector@1.2.0", "", {}, ""],

    "pako": ["pako@0.2.9", "", {}, ""],

    "parse-latin": ["parse-latin@7.0.0", "", { "dependencies": { "@types/nlcst": "^2.0.0", "@types/unist": "^3.0.0", "nlcst-to-string": "^4.0.0", "unist-util-modify-children": "^4.0.0", "unist-util-visit-children": "^3.0.0", "vfile": "^6.0.0" } }, ""],

    "parse5": ["parse5@7.3.0", "", { "dependencies": { "entities": "^6.0.0" } }, ""],

    "parseley": ["parseley@0.12.1", "", { "dependencies": { "leac": "^0.6.0", "peberminta": "^0.9.0" } }, ""],

    "path-to-regexp": ["path-to-regexp@6.3.0", "", {}, ""],

    "pathe": ["pathe@2.0.3", "", {}, ""],

    "peberminta": ["peberminta@0.9.0", "", {}, ""],

    "picocolors": ["picocolors@1.1.1", "", {}, ""],

    "picomatch": ["picomatch@4.0.2", "", {}, ""],

    "postcss": ["postcss@8.5.3", "", { "dependencies": { "nanoid": "^3.3.8", "picocolors": "^1.1.1", "source-map-js": "^1.2.1" } }, ""],

    "prettier": ["prettier@3.5.3", "", { "bin": "bin/prettier.cjs" }, ""],

    "printable-characters": ["printable-characters@1.0.42", "", {}, ""],

    "prismjs": ["prismjs@1.30.0", "", {}, ""],

    "prompts": ["prompts@2.4.2", "", { "dependencies": { "kleur": "^3.0.3", "sisteransi": "^1.0.5" } }, ""],

    "property-information": ["property-information@7.0.0", "", {}, ""],

    "radix3": ["radix3@1.1.2", "", {}, ""],

    "react": ["react@19.1.0", "", {}, ""],

    "react-dom": ["react-dom@19.1.0", "", { "dependencies": { "scheduler": "^0.26.0" }, "peerDependencies": { "react": "^19.1.0" } }, ""],

    "react-promise-suspense": ["react-promise-suspense@0.3.4", "", { "dependencies": { "fast-deep-equal": "^2.0.1" } }, ""],

    "readdirp": ["readdirp@4.1.2", "", {}, ""],

    "regex": ["regex@6.0.1", "", { "dependencies": { "regex-utilities": "^2.3.0" } }, ""],

    "regex-recursion": ["regex-recursion@6.0.2", "", { "dependencies": { "regex-utilities": "^2.3.0" } }, ""],

    "regex-utilities": ["regex-utilities@2.3.0", "", {}, ""],

    "rehype": ["rehype@13.0.2", "", { "dependencies": { "@types/hast": "^3.0.0", "rehype-parse": "^9.0.0", "rehype-stringify": "^10.0.0", "unified": "^11.0.0" } }, ""],

    "rehype-parse": ["rehype-parse@9.0.1", "", { "dependencies": { "@types/hast": "^3.0.0", "hast-util-from-html": "^2.0.0", "unified": "^11.0.0" } }, ""],

    "rehype-raw": ["rehype-raw@7.0.0", "", { "dependencies": { "@types/hast": "^3.0.0", "hast-util-raw": "^9.0.0", "vfile": "^6.0.0" } }, ""],

    "rehype-stringify": ["rehype-stringify@10.0.1", "", { "dependencies": { "@types/hast": "^3.0.0", "hast-util-to-html": "^9.0.0", "unified": "^11.0.0" } }, ""],

    "remark-gfm": ["remark-gfm@4.0.1", "", { "dependencies": { "@types/mdast": "^4.0.0", "mdast-util-gfm": "^3.0.0", "micromark-extension-gfm": "^3.0.0", "remark-parse": "^11.0.0", "remark-stringify": "^11.0.0", "unified": "^11.0.0" } }, ""],

    "remark-parse": ["remark-parse@11.0.0", "", { "dependencies": { "@types/mdast": "^4.0.0", "mdast-util-from-markdown": "^2.0.0", "micromark-util-types": "^2.0.0", "unified": "^11.0.0" } }, ""],

    "remark-rehype": ["remark-rehype@11.1.2", "", { "dependencies": { "@types/hast": "^3.0.0", "@types/mdast": "^4.0.0", "mdast-util-to-hast": "^13.0.0", "unified": "^11.0.0", "vfile": "^6.0.0" } }, ""],

    "remark-smartypants": ["remark-smartypants@3.0.2", "", { "dependencies": { "retext": "^9.0.0", "retext-smartypants": "^6.0.0", "unified": "^11.0.4", "unist-util-visit": "^5.0.0" } }, ""],

    "remark-stringify": ["remark-stringify@11.0.0", "", { "dependencies": { "@types/mdast": "^4.0.0", "mdast-util-to-markdown": "^2.0.0", "unified": "^11.0.0" } }, ""],

    "resend": ["resend@4.5.1", "", { "dependencies": { "@react-email/render": "1.0.6" } }, ""],

    "restructure": ["restructure@3.0.2", "", {}, ""],

    "retext": ["retext@9.0.0", "", { "dependencies": { "@types/nlcst": "^2.0.0", "retext-latin": "^4.0.0", "retext-stringify": "^4.0.0", "unified": "^11.0.0" } }, ""],

    "retext-latin": ["retext-latin@4.0.0", "", { "dependencies": { "@types/nlcst": "^2.0.0", "parse-latin": "^7.0.0", "unified": "^11.0.0" } }, ""],

    "retext-smartypants": ["retext-smartypants@6.2.0", "", { "dependencies": { "@types/nlcst": "^2.0.0", "nlcst-to-string": "^4.0.0", "unist-util-visit": "^5.0.0" } }, ""],

    "retext-stringify": ["retext-stringify@4.0.0", "", { "dependencies": { "@types/nlcst": "^2.0.0", "nlcst-to-string": "^4.0.0", "unified": "^11.0.0" } }, ""],

    "rollup": ["rollup@4.40.1", "", { "dependencies": { "@types/estree": "1.0.7" }, "optionalDependencies": { "@rollup/rollup-darwin-arm64": "4.40.1", "fsevents": "~2.3.2" }, "bin": "dist/bin/rollup" }, ""],

    "scheduler": ["scheduler@0.26.0", "", {}, ""],

    "selderee": ["selderee@0.11.0", "", { "dependencies": { "parseley": "^0.12.0" } }, ""],

    "semver": ["semver@7.7.1", "", { "bin": "bin/semver.js" }, ""],

    "sharp": ["sharp@0.33.5", "", { "dependencies": { "color": "^4.2.3", "detect-libc": "^2.0.3", "semver": "^7.6.3" }, "optionalDependencies": { "@img/sharp-darwin-arm64": "0.33.5", "@img/sharp-libvips-darwin-arm64": "1.0.4" } }, ""],

    "shiki": ["shiki@3.3.0", "", { "dependencies": { "@shikijs/core": "3.3.0", "@shikijs/engine-javascript": "3.3.0", "@shikijs/engine-oniguruma": "3.3.0", "@shikijs/langs": "3.3.0", "@shikijs/themes": "3.3.0", "@shikijs/types": "3.3.0", "@shikijs/vscode-textmate": "^10.0.2", "@types/hast": "^3.0.4" } }, ""],

    "simple-swizzle": ["simple-swizzle@0.2.2", "", { "dependencies": { "is-arrayish": "^0.3.1" } }, ""],

    "sisteransi": ["sisteransi@1.0.5", "", {}, ""],

    "smol-toml": ["smol-toml@1.3.4", "", {}, ""],

    "source-map": ["source-map@0.6.1", "", {}, ""],

    "source-map-js": ["source-map-js@1.2.1", "", {}, ""],

    "space-separated-tokens": ["space-separated-tokens@2.0.2", "", {}, ""],

    "stacktracey": ["stacktracey@2.1.8", "", { "dependencies": { "as-table": "^1.0.36", "get-source": "^2.0.12" } }, ""],

    "stoppable": ["stoppable@1.1.0", "", {}, ""],

    "string-width": ["string-width@7.2.0", "", { "dependencies": { "emoji-regex": "^10.3.0", "get-east-asian-width": "^1.0.0", "strip-ansi": "^7.1.0" } }, ""],

    "stringify-entities": ["stringify-entities@4.0.4", "", { "dependencies": { "character-entities-html4": "^2.0.0", "character-entities-legacy": "^3.0.0" } }, ""],

    "strip-ansi": ["strip-ansi@7.1.0", "", { "dependencies": { "ansi-regex": "^6.0.1" } }, ""],

    "tiny-inflate": ["tiny-inflate@1.0.3", "", {}, ""],

    "tinyexec": ["tinyexec@0.3.2", "", {}, ""],

    "tinyglobby": ["tinyglobby@0.2.13", "", { "dependencies": { "fdir": "^6.4.4", "picomatch": "^4.0.2" } }, ""],

    "tr46": ["tr46@0.0.3", "", {}, ""],

    "trim-lines": ["trim-lines@3.0.1", "", {}, ""],

    "trough": ["trough@2.2.0", "", {}, ""],

    "tsconfck": ["tsconfck@3.1.5", "", { "peerDependencies": { "typescript": "^5.0.0" }, "bin": "bin/tsconfck.js" }, ""],

    "tslib": ["tslib@2.8.1", "", {}, ""],

    "type-fest": ["type-fest@4.40.1", "", {}, ""],

    "typescript": ["typescript@5.8.3", "", { "bin": { "tsc": "bin/tsc", "tsserver": "bin/tsserver" } }, ""],

    "ufo": ["ufo@1.6.1", "", {}, ""],

    "ultrahtml": ["ultrahtml@1.6.0", "", {}, ""],

    "uncrypto": ["uncrypto@0.1.3", "", {}, ""],

    "undici": ["undici@5.29.0", "", { "dependencies": { "@fastify/busboy": "^2.0.0" } }, ""],

    "undici-types": ["undici-types@6.21.0", "", {}, ""],

    "unenv": ["unenv@2.0.0-rc.17", "", { "dependencies": { "defu": "^6.1.4", "exsolve": "^1.0.4", "ohash": "^2.0.11", "pathe": "^2.0.3", "ufo": "^1.6.1" } }, ""],

    "unicode-properties": ["unicode-properties@1.4.1", "", { "dependencies": { "base64-js": "^1.3.0", "unicode-trie": "^2.0.0" } }, ""],

    "unicode-trie": ["unicode-trie@2.0.0", "", { "dependencies": { "pako": "^0.2.5", "tiny-inflate": "^1.0.0" } }, ""],

    "unified": ["unified@11.0.5", "", { "dependencies": { "@types/unist": "^3.0.0", "bail": "^2.0.0", "devlop": "^1.0.0", "extend": "^3.0.0", "is-plain-obj": "^4.0.0", "trough": "^2.0.0", "vfile": "^6.0.0" } }, ""],

    "unifont": ["unifont@0.5.0", "", { "dependencies": { "css-tree": "^3.0.0", "ohash": "^2.0.0" } }, ""],

    "unist-util-find-after": ["unist-util-find-after@5.0.0", "", { "dependencies": { "@types/unist": "^3.0.0", "unist-util-is": "^6.0.0" } }, ""],

    "unist-util-is": ["unist-util-is@6.0.0", "", { "dependencies": { "@types/unist": "^3.0.0" } }, ""],

    "unist-util-modify-children": ["unist-util-modify-children@4.0.0", "", { "dependencies": { "@types/unist": "^3.0.0", "array-iterate": "^2.0.0" } }, ""],

    "unist-util-position": ["unist-util-position@5.0.0", "", { "dependencies": { "@types/unist": "^3.0.0" } }, ""],

    "unist-util-remove-position": ["unist-util-remove-position@5.0.0", "", { "dependencies": { "@types/unist": "^3.0.0", "unist-util-visit": "^5.0.0" } }, ""],

    "unist-util-stringify-position": ["unist-util-stringify-position@4.0.0", "", { "dependencies": { "@types/unist": "^3.0.0" } }, ""],

    "unist-util-visit": ["unist-util-visit@5.0.0", "", { "dependencies": { "@types/unist": "^3.0.0", "unist-util-is": "^6.0.0", "unist-util-visit-parents": "^6.0.0" } }, ""],

    "unist-util-visit-children": ["unist-util-visit-children@3.0.0", "", { "dependencies": { "@types/unist": "^3.0.0" } }, ""],

    "unist-util-visit-parents": ["unist-util-visit-parents@6.0.1", "", { "dependencies": { "@types/unist": "^3.0.0", "unist-util-is": "^6.0.0" } }, ""],

    "unstorage": ["unstorage@1.16.0", "", { "dependencies": { "anymatch": "^3.1.3", "chokidar": "^4.0.3", "destr": "^2.0.5", "h3": "^1.15.2", "lru-cache": "^10.4.3", "node-fetch-native": "^1.6.6", "ofetch": "^1.4.1", "ufo": "^1.6.1" }, "peerDependencies": { "@azure/app-configuration": "^1.8.0", "@azure/cosmos": "^4.2.0", "@azure/data-tables": "^13.3.0", "@azure/identity": "^4.6.0", "@azure/keyvault-secrets": "^4.9.0", "@azure/storage-blob": "^12.26.0", "@capacitor/preferences": "^6.0.3 || ^7.0.0", "@deno/kv": ">=0.9.0", "@netlify/blobs": "^6.5.0 || ^7.0.0 || ^8.1.0", "@planetscale/database": "^1.19.0", "@upstash/redis": "^1.34.3", "@vercel/blob": ">=0.27.1", "@vercel/kv": "^1.0.1", "aws4fetch": "^1.0.20", "db0": ">=0.2.1", "idb-keyval": "^6.2.1", "ioredis": "^5.4.2", "uploadthing": "^7.4.4" }, "optionalPeers": ["@azure/app-configuration", "@azure/cosmos", "@azure/data-tables", "@azure/identity", "@azure/keyvault-secrets", "@azure/storage-blob", "@capacitor/preferences", "@deno/kv", "@netlify/blobs", "@planetscale/database", "@upstash/redis", "@vercel/blob", "@vercel/kv", "aws4fetch", "db0", "idb-keyval", "ioredis", "uploadthing"] }, ""],

    "vfile": ["vfile@6.0.3", "", { "dependencies": { "@types/unist": "^3.0.0", "vfile-message": "^4.0.0" } }, ""],

    "vfile-location": ["vfile-location@5.0.3", "", { "dependencies": { "@types/unist": "^3.0.0", "vfile": "^6.0.0" } }, ""],

    "vfile-message": ["vfile-message@4.0.2", "", { "dependencies": { "@types/unist": "^3.0.0", "unist-util-stringify-position": "^4.0.0" } }, ""],

    "vite": ["vite@6.3.5", "", { "dependencies": { "esbuild": "^0.25.0", "fdir": "^6.4.4", "picomatch": "^4.0.2", "postcss": "^8.5.3", "rollup": "^4.34.9", "tinyglobby": "^0.2.13" }, "optionalDependencies": { "fsevents": "~2.3.3" }, "peerDependencies": { "@types/node": "^18.0.0 || ^20.0.0 || >=22.0.0", "jiti": ">=1.21.0", "less": "*", "lightningcss": "^1.21.0", "sass": "*", "sass-embedded": "*", "stylus": "*", "sugarss": "*", "terser": "^5.16.0", "tsx": "^4.8.1", "yaml": "^2.4.2" }, "optionalPeers": ["jiti", "less", "lightningcss", "sass", "sass-embedded", "stylus", "sugarss", "terser", "tsx", "yaml"], "bin": "bin/vite.js" }, ""],

    "vitefu": ["vitefu@1.0.6", "", { "peerDependencies": { "vite": "^3.0.0 || ^4.0.0 || ^5.0.0 || ^6.0.0" } }, ""],

    "web-namespaces": ["web-namespaces@2.0.1", "", {}, ""],

    "webidl-conversions": ["webidl-conversions@3.0.1", "", {}, ""],

    "whatwg-url": ["whatwg-url@5.0.0", "", { "dependencies": { "tr46": "~0.0.3", "webidl-conversions": "^3.0.0" } }, ""],

    "which-pm-runs": ["which-pm-runs@1.1.0", "", {}, ""],

    "widest-line": ["widest-line@5.0.0", "", { "dependencies": { "string-width": "^7.0.0" } }, ""],

    "workerd": ["workerd@1.20250508.0", "", { "optionalDependencies": { "@cloudflare/workerd-darwin-arm64": "1.20250508.0" }, "bin": "bin/workerd" }, ""],

    "wrangler": ["wrangler@4.16.0", "", { "dependencies": { "@cloudflare/kv-asset-handler": "0.4.0", "@cloudflare/unenv-preset": "2.3.2", "blake3-wasm": "2.1.5", "esbuild": "0.25.4", "miniflare": "4.20250508.3", "path-to-regexp": "6.3.0", "unenv": "2.0.0-rc.17", "workerd": "1.20250508.0" }, "optionalDependencies": { "fsevents": "~2.3.2", "sharp": "^0.33.5" }, "peerDependencies": { "@cloudflare/workers-types": "^4.20250508.0" }, "bin": { "wrangler": "bin/wrangler.js", "wrangler2": "bin/wrangler.js" } }, ""],

    "wrap-ansi": ["wrap-ansi@9.0.0", "", { "dependencies": { "ansi-styles": "^6.2.1", "string-width": "^7.0.0", "strip-ansi": "^7.1.0" } }, ""],

    "ws": ["ws@8.18.0", "", { "peerDependencies": { "bufferutil": "^4.0.1", "utf-8-validate": ">=5.0.2" }, "optionalPeers": ["bufferutil", "utf-8-validate"] }, ""],

    "xxhash-wasm": ["xxhash-wasm@1.1.0", "", {}, ""],

    "yargs-parser": ["yargs-parser@21.1.1", "", {}, ""],

    "yocto-queue": ["yocto-queue@1.2.1", "", {}, ""],

    "yocto-spinner": ["yocto-spinner@0.2.2", "", { "dependencies": { "yoctocolors": "^2.1.1" } }, ""],

    "yoctocolors": ["yoctocolors@2.1.1", "", {}, ""],

    "youch": ["youch@3.3.4", "", { "dependencies": { "cookie": "^0.7.1", "mustache": "^4.2.0", "stacktracey": "^2.1.8" } }, ""],

    "zod": ["zod@3.25.20", "", {}, ""],

    "zod-to-json-schema": ["zod-to-json-schema@3.24.5", "", { "peerDependencies": { "zod": "^3.24.1" } }, ""],

    "zod-to-ts": ["zod-to-ts@1.2.0", "", { "peerDependencies": { "typescript": "^4.9.4 || ^5.0.2", "zod": "^3" } }, ""],

    "zwitch": ["zwitch@2.0.4", "", {}, ""],

    "@rollup/pluginutils/estree-walker": ["estree-walker@2.0.2", "", {}, ""],

    "ansi-align/string-width": ["string-width@4.2.3", "", { "dependencies": { "emoji-regex": "^8.0.0", "is-fullwidth-code-point": "^3.0.0", "strip-ansi": "^6.0.1" } }, ""],

    "anymatch/picomatch": ["picomatch@2.3.1", "", {}, ""],

    "dom-serializer/entities": ["entities@4.5.0", "", {}, ""],

    "hast-util-to-parse5/property-information": ["property-information@6.5.0", "", {}, ""],

    "htmlparser2/entities": ["entities@4.5.0", "", {}, ""],

    "miniflare/acorn": ["acorn@8.14.0", "", { "bin": "bin/acorn" }, ""],

    "miniflare/zod": ["zod@3.22.3", "", {}, ""],

    "prompts/kleur": ["kleur@3.0.3", "", {}, ""],

    "react-promise-suspense/fast-deep-equal": ["fast-deep-equal@2.0.1", "", {}, ""],

    "vite/esbuild": ["esbuild@0.25.3", "", { "optionalDependencies": { "@esbuild/darwin-arm64": "0.25.3" }, "bin": "bin/esbuild" }, ""],

    "wrangler/esbuild": ["esbuild@0.25.4", "", { "optionalDependencies": { "@esbuild/darwin-arm64": "0.25.4" }, "bin": "bin/esbuild" }, ""],

    "youch/cookie": ["cookie@0.7.2", "", {}, ""],

    "ansi-align/string-width/emoji-regex": ["emoji-regex@8.0.0", "", {}, ""],

    "ansi-align/string-width/strip-ansi": ["strip-ansi@6.0.1", "", { "dependencies": { "ansi-regex": "^5.0.1" } }, ""],

    "vite/esbuild/@esbuild/darwin-arm64": ["@esbuild/darwin-arm64@0.25.3", "", { "os": "darwin", "cpu": "arm64" }, ""],

    "wrangler/esbuild/@esbuild/darwin-arm64": ["@esbuild/darwin-arm64@0.25.4", "", { "os": "darwin", "cpu": "arm64" }, ""],

    "ansi-align/string-width/strip-ansi/ansi-regex": ["ansi-regex@5.0.1", "", {}, ""],
  }
}
